
Microsoft Visual Studio Solution File, Format Version 12.00
# Visual Studio 15
VisualStudioVersion = 15.0.27130.2036
MinimumVisualStudioVersion = 10.0.40219.1
Project("{2150E333-8FDC-42A3-9474-1A3956D46DE8}") = "Solution Items", "Solution Items", "{0F61F251-CE7D-4CAC-923C-520143E85F83}"
	ProjectSection(SolutionItems) = preProject
		isr.VI.vsmdi = isr.VI.vsmdi
		Local.runsettings = Local.runsettings
		Local.testsettings = Local.testsettings
		TestCommands.txt = TestCommands.txt
		TraceAndTestImpact.testsettings = TraceAndTestImpact.testsettings
	EndProjectSection
EndProject
Project("{2150E333-8FDC-42A3-9474-1A3956D46DE8}") = "`Core", "`Core", "{4FAE9527-DD67-43C4-9081-F6792BF42C76}"
EndProject
Project("{F184B08F-C81C-45F6-A57F-5ABD9991F28F}") = "isr.Core.Forms.Library", "..\..\Core\Core\Forms\isr.Core.Forms.Library.vbproj", "{B501F643-EBC5-4096-86F6-43A2173066CA}"
EndProject
Project("{F184B08F-C81C-45F6-A57F-5ABD9991F28F}") = "isr.Core.Controls.Library", "..\..\Core\Core\Controls\isr.Core.Controls.Library.vbproj", "{F9D9ED3D-4CBD-49E2-B162-7C15E051F636}"
EndProject
Project("{FAE04EC0-301F-11D3-BF4B-00C04F79EFBC}") = "Arebis.TypedUnits.Library", "..\..\Core\TypedUnits\TypedUnits\Arebis.TypedUnits.Library.csproj", "{D2C9A599-79DD-4CFA-8614-BE3C444EB347}"
EndProject
Project("{FAE04EC0-301F-11D3-BF4B-00C04F79EFBC}") = "Arebis.StandardUnits.Library", "..\..\Core\TypedUnits\StandardUnits\Arebis.StandardUnits.Library.csproj", "{6A80136F-C0EB-4798-8BCF-569E249DD76A}"
EndProject
Project("{F184B08F-C81C-45F6-A57F-5ABD9991F28F}") = "isr.Core.Pith.Library", "..\..\Core\Core\Pith\isr.Core.Pith.Library.vbproj", "{1E7C1B27-638A-410E-8B8E-C24C6BCE2A70}"
EndProject
Project("{F184B08F-C81C-45F6-A57F-5ABD9991F28F}") = "isr.Core.MessageBox.Library", "..\..\Core\Core\MessageBox\isr.Core.MessageBox.Library.vbproj", "{209724B9-9F9C-43DD-A089-D3BFB6AD9F2B}"
EndProject
Project("{2150E333-8FDC-42A3-9474-1A3956D46DE8}") = "RESOURCE", "RESOURCE", "{059387A2-66DA-413A-93E3-3BF08E89D1EC}"
EndProject
Project("{2150E333-8FDC-42A3-9474-1A3956D46DE8}") = "DEVICE", "DEVICE", "{2057E8C5-1985-4D25-B735-03EA549AFE48}"
EndProject
Project("{2150E333-8FDC-42A3-9474-1A3956D46DE8}") = "INSTRUMENT", "INSTRUMENT", "{A7C3D6D5-ECB6-49AD-981D-A98F3C2DC606}"
EndProject
Project("{2150E333-8FDC-42A3-9474-1A3956D46DE8}") = "VENDORvi", "VENDORvi", "{38B40B9B-F77A-4F77-AF3C-AF44EEC41E6E}"
EndProject
Project("{2150E333-8FDC-42A3-9474-1A3956D46DE8}") = "TESTS", "TESTS", "{D787833B-1C85-43C1-BEFC-74C9DF4C5B89}"
EndProject
Project("{F184B08F-C81C-45F6-A57F-5ABD9991F28F}") = "isr.VI.Pith.Library", "Resource\Pith\isr.VI.Pith.Library.vbproj", "{AC4FDBF7-8AAB-4FD5-92D7-EF49DBAF3604}"
EndProject
Project("{F184B08F-C81C-45F6-A57F-5ABD9991F28F}") = "isr.VI.National.VisaNS.Library", "Resource\National.VisaNS\isr.VI.National.VisaNS.Library.vbproj", "{34B4D518-34EA-4F51-A456-903E560A33B1}"
EndProject
Project("{F184B08F-C81C-45F6-A57F-5ABD9991F28F}") = "isr.VI.National.Visa.Library", "Resource\National.Visa\isr.VI.National.Visa.Library.vbproj", "{9861A7B2-6651-43B3-A5F1-AD852A26589E}"
EndProject
Project("{F184B08F-C81C-45F6-A57F-5ABD9991F28F}") = "isr.VI.Keysight.Library", "Resource\Keysight\isr.VI.Keysight.Library.vbproj", "{D4F50BB3-AADD-44C6-85E0-EB498AC74056}"
EndProject
Project("{F184B08F-C81C-45F6-A57F-5ABD9991F28F}") = "isr.VI.Dummy.Library", "Resource\Dummy\isr.VI.Dummy.Library.vbproj", "{F5FBDFC4-1335-4124-B641-C78887770D75}"
EndProject
Project("{F184B08F-C81C-45F6-A57F-5ABD9991F28F}") = "isr.VI.Device.Library", "Device\Device\isr.VI.Device.Library.vbproj", "{0C14C4A7-D574-4F9B-A2D9-989B71CC7DE4}"
EndProject
Project("{F184B08F-C81C-45F6-A57F-5ABD9991F28F}") = "isr.VI.Device.Tsp.Library", "Device\Tsp\isr.VI.Device.Tsp.Library.vbproj", "{1BAE3977-D99F-4E2D-9A52-6E4E11A93E40}"
EndProject
Project("{F184B08F-C81C-45F6-A57F-5ABD9991F28F}") = "isr.Core.Engineering.Library", "..\..\Core\Core\Engineering\isr.Core.Engineering.Library.vbproj", "{CD6D3FE6-ADD3-42B9-B315-EA60C23243ED}"
EndProject
Project("{F184B08F-C81C-45F6-A57F-5ABD9991F28F}") = "isr.VI.Device.Tsp.Script.Library", "Device\Tsp.Script\isr.VI.Device.Tsp.Script.Library.vbproj", "{DE6FF239-FA77-4998-9201-15656DDECD9D}"
EndProject
Project("{F184B08F-C81C-45F6-A57F-5ABD9991F28F}") = "isr.VI.Instrument.Library", "Instrument\Instrument\isr.VI.Instrument.Library.vbproj", "{C3B279E2-F2F4-4387-BD05-82B8D3976AC5}"
EndProject
Project("{F184B08F-C81C-45F6-A57F-5ABD9991F28F}") = "isr.VI.Device.Tests", "Tests\Device\isr.VI.Device.Tests.vbproj", "{4248F89B-B3A3-463D-A509-7A4C8FD59DD4}"
EndProject
Project("{F184B08F-C81C-45F6-A57F-5ABD9991F28F}") = "isr.Algorithms.Optima.Library", "..\..\Algorithms\Optima\Library\isr.Algorithms.Optima.Library.vbproj", "{A87A7AAA-C175-4770-8963-B4CBDA27E85E}"
EndProject
Project("{2150E333-8FDC-42A3-9474-1A3956D46DE8}") = "NI", "NI", "{A5A24D08-7A3E-44E3-9563-6E9529590F06}"
EndProject
Project("{F184B08F-C81C-45F6-A57F-5ABD9991F28F}") = "SimpleReadWrite", "NI\SimpleReadWrite\SimpleReadWrite.vbproj", "{B8E8C039-E317-4A83-94BA-BC85DA03F880}"
EndProject
Project("{F184B08F-C81C-45F6-A57F-5ABD9991F28F}") = "isr.VI.Try", "Tests\Try\isr.VI.Try.vbproj", "{58BB51B8-78BD-4B6F-8B50-F801A0B18F84}"
EndProject
Project("{2150E333-8FDC-42A3-9474-1A3956D46DE8}") = "APPS", "APPS", "{90A97E64-460A-447C-8610-0C8973CC8AEC}"
EndProject
Project("{F184B08F-C81C-45F6-A57F-5ABD9991F28F}") = "isr.VI.K3700.Library", "VendorVI\K3700\isr.VI.K3700.Library.vbproj", "{259F39E6-9C5B-45EA-BDCF-B34C397CB172}"
EndProject
Project("{F184B08F-C81C-45F6-A57F-5ABD9991F28F}") = "isr.VI.K3700.Tests", "Tests\K3700\isr.VI.K3700.Tests.vbproj", "{0D6FDFB9-17C6-46A2-83A6-C9E601583926}"
EndProject
Project("{F184B08F-C81C-45F6-A57F-5ABD9991F28F}") = "VI.K3700.Console", "Apps\K3700.Console\VI.K3700.Console.vbproj", "{77DD80A1-0A71-48D8-ADD9-3123DD4900A3}"
EndProject
Global
	GlobalSection(SolutionConfigurationPlatforms) = preSolution
		Debug|Any CPU = Debug|Any CPU
		Debug|Mixed Platforms = Debug|Mixed Platforms
		Debug|x64 = Debug|x64
		Debug|x86 = Debug|x86
		Release|Any CPU = Release|Any CPU
		Release|Mixed Platforms = Release|Mixed Platforms
		Release|x64 = Release|x64
		Release|x86 = Release|x86
	EndGlobalSection
	GlobalSection(ProjectConfigurationPlatforms) = postSolution
		{B501F643-EBC5-4096-86F6-43A2173066CA}.Debug|Any CPU.ActiveCfg = Debug|Any CPU
		{B501F643-EBC5-4096-86F6-43A2173066CA}.Debug|Any CPU.Build.0 = Debug|Any CPU
		{B501F643-EBC5-4096-86F6-43A2173066CA}.Debug|Mixed Platforms.ActiveCfg = Debug|Any CPU
		{B501F643-EBC5-4096-86F6-43A2173066CA}.Debug|Mixed Platforms.Build.0 = Debug|Any CPU
		{B501F643-EBC5-4096-86F6-43A2173066CA}.Debug|x64.ActiveCfg = Debug|Any CPU
		{B501F643-EBC5-4096-86F6-43A2173066CA}.Debug|x64.Build.0 = Debug|Any CPU
		{B501F643-EBC5-4096-86F6-43A2173066CA}.Debug|x86.ActiveCfg = Debug|Any CPU
		{B501F643-EBC5-4096-86F6-43A2173066CA}.Debug|x86.Build.0 = Debug|Any CPU
		{B501F643-EBC5-4096-86F6-43A2173066CA}.Release|Any CPU.ActiveCfg = Release|Any CPU
		{B501F643-EBC5-4096-86F6-43A2173066CA}.Release|Any CPU.Build.0 = Release|Any CPU
		{B501F643-EBC5-4096-86F6-43A2173066CA}.Release|Mixed Platforms.ActiveCfg = Release|Any CPU
		{B501F643-EBC5-4096-86F6-43A2173066CA}.Release|Mixed Platforms.Build.0 = Release|Any CPU
		{B501F643-EBC5-4096-86F6-43A2173066CA}.Release|x64.ActiveCfg = Release|Any CPU
		{B501F643-EBC5-4096-86F6-43A2173066CA}.Release|x86.ActiveCfg = Release|Any CPU
		{F9D9ED3D-4CBD-49E2-B162-7C15E051F636}.Debug|Any CPU.ActiveCfg = Debug|Any CPU
		{F9D9ED3D-4CBD-49E2-B162-7C15E051F636}.Debug|Any CPU.Build.0 = Debug|Any CPU
		{F9D9ED3D-4CBD-49E2-B162-7C15E051F636}.Debug|Mixed Platforms.ActiveCfg = Debug|Any CPU
		{F9D9ED3D-4CBD-49E2-B162-7C15E051F636}.Debug|Mixed Platforms.Build.0 = Debug|Any CPU
		{F9D9ED3D-4CBD-49E2-B162-7C15E051F636}.Debug|x64.ActiveCfg = Debug|Any CPU
		{F9D9ED3D-4CBD-49E2-B162-7C15E051F636}.Debug|x64.Build.0 = Debug|Any CPU
		{F9D9ED3D-4CBD-49E2-B162-7C15E051F636}.Debug|x86.ActiveCfg = Debug|Any CPU
		{F9D9ED3D-4CBD-49E2-B162-7C15E051F636}.Debug|x86.Build.0 = Debug|Any CPU
		{F9D9ED3D-4CBD-49E2-B162-7C15E051F636}.Release|Any CPU.ActiveCfg = Release|Any CPU
		{F9D9ED3D-4CBD-49E2-B162-7C15E051F636}.Release|Any CPU.Build.0 = Release|Any CPU
		{F9D9ED3D-4CBD-49E2-B162-7C15E051F636}.Release|Mixed Platforms.ActiveCfg = Release|Any CPU
		{F9D9ED3D-4CBD-49E2-B162-7C15E051F636}.Release|Mixed Platforms.Build.0 = Release|Any CPU
		{F9D9ED3D-4CBD-49E2-B162-7C15E051F636}.Release|x64.ActiveCfg = Release|Any CPU
		{F9D9ED3D-4CBD-49E2-B162-7C15E051F636}.Release|x86.ActiveCfg = Release|Any CPU
		{D2C9A599-79DD-4CFA-8614-BE3C444EB347}.Debug|Any CPU.ActiveCfg = Debug|Any CPU
		{D2C9A599-79DD-4CFA-8614-BE3C444EB347}.Debug|Any CPU.Build.0 = Debug|Any CPU
		{D2C9A599-79DD-4CFA-8614-BE3C444EB347}.Debug|Mixed Platforms.ActiveCfg = Debug|Any CPU
		{D2C9A599-79DD-4CFA-8614-BE3C444EB347}.Debug|Mixed Platforms.Build.0 = Debug|Any CPU
		{D2C9A599-79DD-4CFA-8614-BE3C444EB347}.Debug|x64.ActiveCfg = Debug|Any CPU
		{D2C9A599-79DD-4CFA-8614-BE3C444EB347}.Debug|x64.Build.0 = Debug|Any CPU
		{D2C9A599-79DD-4CFA-8614-BE3C444EB347}.Debug|x86.ActiveCfg = Debug|Any CPU
		{D2C9A599-79DD-4CFA-8614-BE3C444EB347}.Debug|x86.Build.0 = Debug|Any CPU
		{D2C9A599-79DD-4CFA-8614-BE3C444EB347}.Release|Any CPU.ActiveCfg = Release|Any CPU
		{D2C9A599-79DD-4CFA-8614-BE3C444EB347}.Release|Any CPU.Build.0 = Release|Any CPU
		{D2C9A599-79DD-4CFA-8614-BE3C444EB347}.Release|Mixed Platforms.ActiveCfg = Release|Any CPU
		{D2C9A599-79DD-4CFA-8614-BE3C444EB347}.Release|Mixed Platforms.Build.0 = Release|Any CPU
		{D2C9A599-79DD-4CFA-8614-BE3C444EB347}.Release|x64.ActiveCfg = Release|Any CPU
		{D2C9A599-79DD-4CFA-8614-BE3C444EB347}.Release|x86.ActiveCfg = Release|Any CPU
		{6A80136F-C0EB-4798-8BCF-569E249DD76A}.Debug|Any CPU.ActiveCfg = Debug|Any CPU
		{6A80136F-C0EB-4798-8BCF-569E249DD76A}.Debug|Any CPU.Build.0 = Debug|Any CPU
		{6A80136F-C0EB-4798-8BCF-569E249DD76A}.Debug|Mixed Platforms.ActiveCfg = Debug|Any CPU
		{6A80136F-C0EB-4798-8BCF-569E249DD76A}.Debug|Mixed Platforms.Build.0 = Debug|Any CPU
		{6A80136F-C0EB-4798-8BCF-569E249DD76A}.Debug|x64.ActiveCfg = Debug|Any CPU
		{6A80136F-C0EB-4798-8BCF-569E249DD76A}.Debug|x64.Build.0 = Debug|Any CPU
		{6A80136F-C0EB-4798-8BCF-569E249DD76A}.Debug|x86.ActiveCfg = Debug|Any CPU
		{6A80136F-C0EB-4798-8BCF-569E249DD76A}.Debug|x86.Build.0 = Debug|Any CPU
		{6A80136F-C0EB-4798-8BCF-569E249DD76A}.Release|Any CPU.ActiveCfg = Release|Any CPU
		{6A80136F-C0EB-4798-8BCF-569E249DD76A}.Release|Any CPU.Build.0 = Release|Any CPU
		{6A80136F-C0EB-4798-8BCF-569E249DD76A}.Release|Mixed Platforms.ActiveCfg = Release|Any CPU
		{6A80136F-C0EB-4798-8BCF-569E249DD76A}.Release|Mixed Platforms.Build.0 = Release|Any CPU
		{6A80136F-C0EB-4798-8BCF-569E249DD76A}.Release|x64.ActiveCfg = Release|Any CPU
		{6A80136F-C0EB-4798-8BCF-569E249DD76A}.Release|x86.ActiveCfg = Release|Any CPU
		{1E7C1B27-638A-410E-8B8E-C24C6BCE2A70}.Debug|Any CPU.ActiveCfg = Debug|Any CPU
		{1E7C1B27-638A-410E-8B8E-C24C6BCE2A70}.Debug|Any CPU.Build.0 = Debug|Any CPU
		{1E7C1B27-638A-410E-8B8E-C24C6BCE2A70}.Debug|Mixed Platforms.ActiveCfg = Debug|Any CPU
		{1E7C1B27-638A-410E-8B8E-C24C6BCE2A70}.Debug|Mixed Platforms.Build.0 = Debug|Any CPU
		{1E7C1B27-638A-410E-8B8E-C24C6BCE2A70}.Debug|x64.ActiveCfg = Debug|Any CPU
		{1E7C1B27-638A-410E-8B8E-C24C6BCE2A70}.Debug|x64.Build.0 = Debug|Any CPU
		{1E7C1B27-638A-410E-8B8E-C24C6BCE2A70}.Debug|x86.ActiveCfg = Debug|Any CPU
		{1E7C1B27-638A-410E-8B8E-C24C6BCE2A70}.Debug|x86.Build.0 = Debug|Any CPU
		{1E7C1B27-638A-410E-8B8E-C24C6BCE2A70}.Release|Any CPU.ActiveCfg = Release|Any CPU
		{1E7C1B27-638A-410E-8B8E-C24C6BCE2A70}.Release|Any CPU.Build.0 = Release|Any CPU
		{1E7C1B27-638A-410E-8B8E-C24C6BCE2A70}.Release|Mixed Platforms.ActiveCfg = Release|Any CPU
		{1E7C1B27-638A-410E-8B8E-C24C6BCE2A70}.Release|Mixed Platforms.Build.0 = Release|Any CPU
		{1E7C1B27-638A-410E-8B8E-C24C6BCE2A70}.Release|x64.ActiveCfg = Release|Any CPU
		{1E7C1B27-638A-410E-8B8E-C24C6BCE2A70}.Release|x64.Build.0 = Release|Any CPU
		{1E7C1B27-638A-410E-8B8E-C24C6BCE2A70}.Release|x86.ActiveCfg = Release|Any CPU
		{1E7C1B27-638A-410E-8B8E-C24C6BCE2A70}.Release|x86.Build.0 = Release|Any CPU
		{209724B9-9F9C-43DD-A089-D3BFB6AD9F2B}.Debug|Any CPU.ActiveCfg = Debug|Any CPU
		{209724B9-9F9C-43DD-A089-D3BFB6AD9F2B}.Debug|Any CPU.Build.0 = Debug|Any CPU
		{209724B9-9F9C-43DD-A089-D3BFB6AD9F2B}.Debug|Mixed Platforms.ActiveCfg = Debug|Any CPU
		{209724B9-9F9C-43DD-A089-D3BFB6AD9F2B}.Debug|Mixed Platforms.Build.0 = Debug|Any CPU
		{209724B9-9F9C-43DD-A089-D3BFB6AD9F2B}.Debug|x64.ActiveCfg = Debug|Any CPU
		{209724B9-9F9C-43DD-A089-D3BFB6AD9F2B}.Debug|x64.Build.0 = Debug|Any CPU
		{209724B9-9F9C-43DD-A089-D3BFB6AD9F2B}.Debug|x86.ActiveCfg = Debug|Any CPU
		{209724B9-9F9C-43DD-A089-D3BFB6AD9F2B}.Debug|x86.Build.0 = Debug|Any CPU
		{209724B9-9F9C-43DD-A089-D3BFB6AD9F2B}.Release|Any CPU.ActiveCfg = Release|Any CPU
		{209724B9-9F9C-43DD-A089-D3BFB6AD9F2B}.Release|Any CPU.Build.0 = Release|Any CPU
		{209724B9-9F9C-43DD-A089-D3BFB6AD9F2B}.Release|Mixed Platforms.ActiveCfg = Release|Any CPU
		{209724B9-9F9C-43DD-A089-D3BFB6AD9F2B}.Release|Mixed Platforms.Build.0 = Release|Any CPU
		{209724B9-9F9C-43DD-A089-D3BFB6AD9F2B}.Release|x64.ActiveCfg = Release|Any CPU
		{209724B9-9F9C-43DD-A089-D3BFB6AD9F2B}.Release|x64.Build.0 = Release|Any CPU
		{209724B9-9F9C-43DD-A089-D3BFB6AD9F2B}.Release|x86.ActiveCfg = Release|Any CPU
		{209724B9-9F9C-43DD-A089-D3BFB6AD9F2B}.Release|x86.Build.0 = Release|Any CPU
		{AC4FDBF7-8AAB-4FD5-92D7-EF49DBAF3604}.Debug|Any CPU.ActiveCfg = Debug|Any CPU
		{AC4FDBF7-8AAB-4FD5-92D7-EF49DBAF3604}.Debug|Any CPU.Build.0 = Debug|Any CPU
		{AC4FDBF7-8AAB-4FD5-92D7-EF49DBAF3604}.Debug|Mixed Platforms.ActiveCfg = Debug|Any CPU
		{AC4FDBF7-8AAB-4FD5-92D7-EF49DBAF3604}.Debug|Mixed Platforms.Build.0 = Debug|Any CPU
		{AC4FDBF7-8AAB-4FD5-92D7-EF49DBAF3604}.Debug|x64.ActiveCfg = Debug|Any CPU
		{AC4FDBF7-8AAB-4FD5-92D7-EF49DBAF3604}.Debug|x64.Build.0 = Debug|Any CPU
		{AC4FDBF7-8AAB-4FD5-92D7-EF49DBAF3604}.Debug|x86.ActiveCfg = Debug|Any CPU
		{AC4FDBF7-8AAB-4FD5-92D7-EF49DBAF3604}.Debug|x86.Build.0 = Debug|Any CPU
		{AC4FDBF7-8AAB-4FD5-92D7-EF49DBAF3604}.Release|Any CPU.ActiveCfg = Release|Any CPU
		{AC4FDBF7-8AAB-4FD5-92D7-EF49DBAF3604}.Release|Any CPU.Build.0 = Release|Any CPU
		{AC4FDBF7-8AAB-4FD5-92D7-EF49DBAF3604}.Release|Mixed Platforms.ActiveCfg = Release|Any CPU
		{AC4FDBF7-8AAB-4FD5-92D7-EF49DBAF3604}.Release|Mixed Platforms.Build.0 = Release|Any CPU
		{AC4FDBF7-8AAB-4FD5-92D7-EF49DBAF3604}.Release|x64.ActiveCfg = Release|Any CPU
		{AC4FDBF7-8AAB-4FD5-92D7-EF49DBAF3604}.Release|x64.Build.0 = Release|Any CPU
		{AC4FDBF7-8AAB-4FD5-92D7-EF49DBAF3604}.Release|x86.ActiveCfg = Release|Any CPU
		{AC4FDBF7-8AAB-4FD5-92D7-EF49DBAF3604}.Release|x86.Build.0 = Release|Any CPU
		{34B4D518-34EA-4F51-A456-903E560A33B1}.Debug|Any CPU.ActiveCfg = Debug|Any CPU
		{34B4D518-34EA-4F51-A456-903E560A33B1}.Debug|Any CPU.Build.0 = Debug|Any CPU
		{34B4D518-34EA-4F51-A456-903E560A33B1}.Debug|Mixed Platforms.ActiveCfg = Debug|Any CPU
		{34B4D518-34EA-4F51-A456-903E560A33B1}.Debug|Mixed Platforms.Build.0 = Debug|Any CPU
		{34B4D518-34EA-4F51-A456-903E560A33B1}.Debug|x64.ActiveCfg = Debug|Any CPU
		{34B4D518-34EA-4F51-A456-903E560A33B1}.Debug|x64.Build.0 = Debug|Any CPU
		{34B4D518-34EA-4F51-A456-903E560A33B1}.Debug|x86.ActiveCfg = Debug|Any CPU
		{34B4D518-34EA-4F51-A456-903E560A33B1}.Debug|x86.Build.0 = Debug|Any CPU
		{34B4D518-34EA-4F51-A456-903E560A33B1}.Release|Any CPU.ActiveCfg = Release|Any CPU
		{34B4D518-34EA-4F51-A456-903E560A33B1}.Release|Any CPU.Build.0 = Release|Any CPU
		{34B4D518-34EA-4F51-A456-903E560A33B1}.Release|Mixed Platforms.ActiveCfg = Release|Any CPU
		{34B4D518-34EA-4F51-A456-903E560A33B1}.Release|Mixed Platforms.Build.0 = Release|Any CPU
		{34B4D518-34EA-4F51-A456-903E560A33B1}.Release|x64.ActiveCfg = Release|Any CPU
		{34B4D518-34EA-4F51-A456-903E560A33B1}.Release|x64.Build.0 = Release|Any CPU
		{34B4D518-34EA-4F51-A456-903E560A33B1}.Release|x86.ActiveCfg = Release|Any CPU
		{34B4D518-34EA-4F51-A456-903E560A33B1}.Release|x86.Build.0 = Release|Any CPU
		{9861A7B2-6651-43B3-A5F1-AD852A26589E}.Debug|Any CPU.ActiveCfg = Debug|Any CPU
		{9861A7B2-6651-43B3-A5F1-AD852A26589E}.Debug|Any CPU.Build.0 = Debug|Any CPU
		{9861A7B2-6651-43B3-A5F1-AD852A26589E}.Debug|Mixed Platforms.ActiveCfg = Debug|Any CPU
		{9861A7B2-6651-43B3-A5F1-AD852A26589E}.Debug|Mixed Platforms.Build.0 = Debug|Any CPU
		{9861A7B2-6651-43B3-A5F1-AD852A26589E}.Debug|x64.ActiveCfg = Debug|Any CPU
		{9861A7B2-6651-43B3-A5F1-AD852A26589E}.Debug|x64.Build.0 = Debug|Any CPU
		{9861A7B2-6651-43B3-A5F1-AD852A26589E}.Debug|x86.ActiveCfg = Debug|Any CPU
		{9861A7B2-6651-43B3-A5F1-AD852A26589E}.Debug|x86.Build.0 = Debug|Any CPU
		{9861A7B2-6651-43B3-A5F1-AD852A26589E}.Release|Any CPU.ActiveCfg = Release|Any CPU
		{9861A7B2-6651-43B3-A5F1-AD852A26589E}.Release|Any CPU.Build.0 = Release|Any CPU
		{9861A7B2-6651-43B3-A5F1-AD852A26589E}.Release|Mixed Platforms.ActiveCfg = Release|Any CPU
		{9861A7B2-6651-43B3-A5F1-AD852A26589E}.Release|Mixed Platforms.Build.0 = Release|Any CPU
		{9861A7B2-6651-43B3-A5F1-AD852A26589E}.Release|x64.ActiveCfg = Release|Any CPU
		{9861A7B2-6651-43B3-A5F1-AD852A26589E}.Release|x64.Build.0 = Release|Any CPU
		{9861A7B2-6651-43B3-A5F1-AD852A26589E}.Release|x86.ActiveCfg = Release|Any CPU
		{9861A7B2-6651-43B3-A5F1-AD852A26589E}.Release|x86.Build.0 = Release|Any CPU
		{D4F50BB3-AADD-44C6-85E0-EB498AC74056}.Debug|Any CPU.ActiveCfg = Debug|Any CPU
		{D4F50BB3-AADD-44C6-85E0-EB498AC74056}.Debug|Any CPU.Build.0 = Debug|Any CPU
		{D4F50BB3-AADD-44C6-85E0-EB498AC74056}.Debug|Mixed Platforms.ActiveCfg = Debug|Any CPU
		{D4F50BB3-AADD-44C6-85E0-EB498AC74056}.Debug|Mixed Platforms.Build.0 = Debug|Any CPU
		{D4F50BB3-AADD-44C6-85E0-EB498AC74056}.Debug|x64.ActiveCfg = Debug|Any CPU
		{D4F50BB3-AADD-44C6-85E0-EB498AC74056}.Debug|x64.Build.0 = Debug|Any CPU
		{D4F50BB3-AADD-44C6-85E0-EB498AC74056}.Debug|x86.ActiveCfg = Debug|Any CPU
		{D4F50BB3-AADD-44C6-85E0-EB498AC74056}.Debug|x86.Build.0 = Debug|Any CPU
		{D4F50BB3-AADD-44C6-85E0-EB498AC74056}.Release|Any CPU.ActiveCfg = Release|Any CPU
		{D4F50BB3-AADD-44C6-85E0-EB498AC74056}.Release|Any CPU.Build.0 = Release|Any CPU
		{D4F50BB3-AADD-44C6-85E0-EB498AC74056}.Release|Mixed Platforms.ActiveCfg = Release|Any CPU
		{D4F50BB3-AADD-44C6-85E0-EB498AC74056}.Release|Mixed Platforms.Build.0 = Release|Any CPU
		{D4F50BB3-AADD-44C6-85E0-EB498AC74056}.Release|x64.ActiveCfg = Release|Any CPU
		{D4F50BB3-AADD-44C6-85E0-EB498AC74056}.Release|x64.Build.0 = Release|Any CPU
		{D4F50BB3-AADD-44C6-85E0-EB498AC74056}.Release|x86.ActiveCfg = Release|Any CPU
		{D4F50BB3-AADD-44C6-85E0-EB498AC74056}.Release|x86.Build.0 = Release|Any CPU
		{F5FBDFC4-1335-4124-B641-C78887770D75}.Debug|Any CPU.ActiveCfg = Debug|Any CPU
		{F5FBDFC4-1335-4124-B641-C78887770D75}.Debug|Any CPU.Build.0 = Debug|Any CPU
		{F5FBDFC4-1335-4124-B641-C78887770D75}.Debug|Mixed Platforms.ActiveCfg = Debug|Any CPU
		{F5FBDFC4-1335-4124-B641-C78887770D75}.Debug|Mixed Platforms.Build.0 = Debug|Any CPU
		{F5FBDFC4-1335-4124-B641-C78887770D75}.Debug|x64.ActiveCfg = Debug|Any CPU
		{F5FBDFC4-1335-4124-B641-C78887770D75}.Debug|x64.Build.0 = Debug|Any CPU
		{F5FBDFC4-1335-4124-B641-C78887770D75}.Debug|x86.ActiveCfg = Debug|Any CPU
		{F5FBDFC4-1335-4124-B641-C78887770D75}.Debug|x86.Build.0 = Debug|Any CPU
		{F5FBDFC4-1335-4124-B641-C78887770D75}.Release|Any CPU.ActiveCfg = Release|Any CPU
		{F5FBDFC4-1335-4124-B641-C78887770D75}.Release|Any CPU.Build.0 = Release|Any CPU
		{F5FBDFC4-1335-4124-B641-C78887770D75}.Release|Mixed Platforms.ActiveCfg = Release|Any CPU
		{F5FBDFC4-1335-4124-B641-C78887770D75}.Release|Mixed Platforms.Build.0 = Release|Any CPU
		{F5FBDFC4-1335-4124-B641-C78887770D75}.Release|x64.ActiveCfg = Release|Any CPU
		{F5FBDFC4-1335-4124-B641-C78887770D75}.Release|x64.Build.0 = Release|Any CPU
		{F5FBDFC4-1335-4124-B641-C78887770D75}.Release|x86.ActiveCfg = Release|Any CPU
		{F5FBDFC4-1335-4124-B641-C78887770D75}.Release|x86.Build.0 = Release|Any CPU
		{0C14C4A7-D574-4F9B-A2D9-989B71CC7DE4}.Debug|Any CPU.ActiveCfg = Debug|Any CPU
		{0C14C4A7-D574-4F9B-A2D9-989B71CC7DE4}.Debug|Any CPU.Build.0 = Debug|Any CPU
		{0C14C4A7-D574-4F9B-A2D9-989B71CC7DE4}.Debug|Mixed Platforms.ActiveCfg = Debug|Any CPU
		{0C14C4A7-D574-4F9B-A2D9-989B71CC7DE4}.Debug|Mixed Platforms.Build.0 = Debug|Any CPU
		{0C14C4A7-D574-4F9B-A2D9-989B71CC7DE4}.Debug|x64.ActiveCfg = Debug|Any CPU
		{0C14C4A7-D574-4F9B-A2D9-989B71CC7DE4}.Debug|x64.Build.0 = Debug|Any CPU
		{0C14C4A7-D574-4F9B-A2D9-989B71CC7DE4}.Debug|x86.ActiveCfg = Debug|Any CPU
		{0C14C4A7-D574-4F9B-A2D9-989B71CC7DE4}.Debug|x86.Build.0 = Debug|Any CPU
		{0C14C4A7-D574-4F9B-A2D9-989B71CC7DE4}.Release|Any CPU.ActiveCfg = Release|Any CPU
		{0C14C4A7-D574-4F9B-A2D9-989B71CC7DE4}.Release|Any CPU.Build.0 = Release|Any CPU
		{0C14C4A7-D574-4F9B-A2D9-989B71CC7DE4}.Release|Mixed Platforms.ActiveCfg = Release|Any CPU
		{0C14C4A7-D574-4F9B-A2D9-989B71CC7DE4}.Release|Mixed Platforms.Build.0 = Release|Any CPU
		{0C14C4A7-D574-4F9B-A2D9-989B71CC7DE4}.Release|x64.ActiveCfg = Release|Any CPU
		{0C14C4A7-D574-4F9B-A2D9-989B71CC7DE4}.Release|x64.Build.0 = Release|Any CPU
		{0C14C4A7-D574-4F9B-A2D9-989B71CC7DE4}.Release|x86.ActiveCfg = Release|Any CPU
		{0C14C4A7-D574-4F9B-A2D9-989B71CC7DE4}.Release|x86.Build.0 = Release|Any CPU
		{1BAE3977-D99F-4E2D-9A52-6E4E11A93E40}.Debug|Any CPU.ActiveCfg = Debug|Any CPU
		{1BAE3977-D99F-4E2D-9A52-6E4E11A93E40}.Debug|Any CPU.Build.0 = Debug|Any CPU
		{1BAE3977-D99F-4E2D-9A52-6E4E11A93E40}.Debug|Mixed Platforms.ActiveCfg = Debug|Any CPU
		{1BAE3977-D99F-4E2D-9A52-6E4E11A93E40}.Debug|Mixed Platforms.Build.0 = Debug|Any CPU
		{1BAE3977-D99F-4E2D-9A52-6E4E11A93E40}.Debug|x64.ActiveCfg = Debug|Any CPU
		{1BAE3977-D99F-4E2D-9A52-6E4E11A93E40}.Debug|x64.Build.0 = Debug|Any CPU
		{1BAE3977-D99F-4E2D-9A52-6E4E11A93E40}.Debug|x86.ActiveCfg = Debug|Any CPU
		{1BAE3977-D99F-4E2D-9A52-6E4E11A93E40}.Debug|x86.Build.0 = Debug|Any CPU
		{1BAE3977-D99F-4E2D-9A52-6E4E11A93E40}.Release|Any CPU.ActiveCfg = Release|Any CPU
		{1BAE3977-D99F-4E2D-9A52-6E4E11A93E40}.Release|Any CPU.Build.0 = Release|Any CPU
		{1BAE3977-D99F-4E2D-9A52-6E4E11A93E40}.Release|Mixed Platforms.ActiveCfg = Release|Any CPU
		{1BAE3977-D99F-4E2D-9A52-6E4E11A93E40}.Release|Mixed Platforms.Build.0 = Release|Any CPU
		{1BAE3977-D99F-4E2D-9A52-6E4E11A93E40}.Release|x64.ActiveCfg = Release|Any CPU
		{1BAE3977-D99F-4E2D-9A52-6E4E11A93E40}.Release|x64.Build.0 = Release|Any CPU
		{1BAE3977-D99F-4E2D-9A52-6E4E11A93E40}.Release|x86.ActiveCfg = Release|Any CPU
		{1BAE3977-D99F-4E2D-9A52-6E4E11A93E40}.Release|x86.Build.0 = Release|Any CPU
		{CD6D3FE6-ADD3-42B9-B315-EA60C23243ED}.Debug|Any CPU.ActiveCfg = Debug|Any CPU
		{CD6D3FE6-ADD3-42B9-B315-EA60C23243ED}.Debug|Any CPU.Build.0 = Debug|Any CPU
		{CD6D3FE6-ADD3-42B9-B315-EA60C23243ED}.Debug|Mixed Platforms.ActiveCfg = Debug|Any CPU
		{CD6D3FE6-ADD3-42B9-B315-EA60C23243ED}.Debug|Mixed Platforms.Build.0 = Debug|Any CPU
		{CD6D3FE6-ADD3-42B9-B315-EA60C23243ED}.Debug|x64.ActiveCfg = Debug|Any CPU
		{CD6D3FE6-ADD3-42B9-B315-EA60C23243ED}.Debug|x64.Build.0 = Debug|Any CPU
		{CD6D3FE6-ADD3-42B9-B315-EA60C23243ED}.Debug|x86.ActiveCfg = Debug|Any CPU
		{CD6D3FE6-ADD3-42B9-B315-EA60C23243ED}.Debug|x86.Build.0 = Debug|Any CPU
		{CD6D3FE6-ADD3-42B9-B315-EA60C23243ED}.Release|Any CPU.ActiveCfg = Release|Any CPU
		{CD6D3FE6-ADD3-42B9-B315-EA60C23243ED}.Release|Any CPU.Build.0 = Release|Any CPU
		{CD6D3FE6-ADD3-42B9-B315-EA60C23243ED}.Release|Mixed Platforms.ActiveCfg = Release|Any CPU
		{CD6D3FE6-ADD3-42B9-B315-EA60C23243ED}.Release|Mixed Platforms.Build.0 = Release|Any CPU
		{CD6D3FE6-ADD3-42B9-B315-EA60C23243ED}.Release|x64.ActiveCfg = Release|Any CPU
		{CD6D3FE6-ADD3-42B9-B315-EA60C23243ED}.Release|x64.Build.0 = Release|Any CPU
		{CD6D3FE6-ADD3-42B9-B315-EA60C23243ED}.Release|x86.ActiveCfg = Release|Any CPU
		{CD6D3FE6-ADD3-42B9-B315-EA60C23243ED}.Release|x86.Build.0 = Release|Any CPU
		{DE6FF239-FA77-4998-9201-15656DDECD9D}.Debug|Any CPU.ActiveCfg = Debug|Any CPU
		{DE6FF239-FA77-4998-9201-15656DDECD9D}.Debug|Any CPU.Build.0 = Debug|Any CPU
		{DE6FF239-FA77-4998-9201-15656DDECD9D}.Debug|Mixed Platforms.ActiveCfg = Debug|Any CPU
		{DE6FF239-FA77-4998-9201-15656DDECD9D}.Debug|Mixed Platforms.Build.0 = Debug|Any CPU
		{DE6FF239-FA77-4998-9201-15656DDECD9D}.Debug|x64.ActiveCfg = Debug|Any CPU
		{DE6FF239-FA77-4998-9201-15656DDECD9D}.Debug|x64.Build.0 = Debug|Any CPU
		{DE6FF239-FA77-4998-9201-15656DDECD9D}.Debug|x86.ActiveCfg = Debug|Any CPU
		{DE6FF239-FA77-4998-9201-15656DDECD9D}.Debug|x86.Build.0 = Debug|Any CPU
		{DE6FF239-FA77-4998-9201-15656DDECD9D}.Release|Any CPU.ActiveCfg = Release|Any CPU
		{DE6FF239-FA77-4998-9201-15656DDECD9D}.Release|Any CPU.Build.0 = Release|Any CPU
		{DE6FF239-FA77-4998-9201-15656DDECD9D}.Release|Mixed Platforms.ActiveCfg = Release|Any CPU
		{DE6FF239-FA77-4998-9201-15656DDECD9D}.Release|Mixed Platforms.Build.0 = Release|Any CPU
		{DE6FF239-FA77-4998-9201-15656DDECD9D}.Release|x64.ActiveCfg = Release|Any CPU
		{DE6FF239-FA77-4998-9201-15656DDECD9D}.Release|x64.Build.0 = Release|Any CPU
		{DE6FF239-FA77-4998-9201-15656DDECD9D}.Release|x86.ActiveCfg = Release|Any CPU
		{DE6FF239-FA77-4998-9201-15656DDECD9D}.Release|x86.Build.0 = Release|Any CPU
		{C3B279E2-F2F4-4387-BD05-82B8D3976AC5}.Debug|Any CPU.ActiveCfg = Debug|Any CPU
		{C3B279E2-F2F4-4387-BD05-82B8D3976AC5}.Debug|Any CPU.Build.0 = Debug|Any CPU
		{C3B279E2-F2F4-4387-BD05-82B8D3976AC5}.Debug|Mixed Platforms.ActiveCfg = Debug|Any CPU
		{C3B279E2-F2F4-4387-BD05-82B8D3976AC5}.Debug|Mixed Platforms.Build.0 = Debug|Any CPU
		{C3B279E2-F2F4-4387-BD05-82B8D3976AC5}.Debug|x64.ActiveCfg = Debug|Any CPU
		{C3B279E2-F2F4-4387-BD05-82B8D3976AC5}.Debug|x64.Build.0 = Debug|Any CPU
		{C3B279E2-F2F4-4387-BD05-82B8D3976AC5}.Debug|x86.ActiveCfg = Debug|Any CPU
		{C3B279E2-F2F4-4387-BD05-82B8D3976AC5}.Debug|x86.Build.0 = Debug|Any CPU
		{C3B279E2-F2F4-4387-BD05-82B8D3976AC5}.Release|Any CPU.ActiveCfg = Release|Any CPU
		{C3B279E2-F2F4-4387-BD05-82B8D3976AC5}.Release|Any CPU.Build.0 = Release|Any CPU
		{C3B279E2-F2F4-4387-BD05-82B8D3976AC5}.Release|Mixed Platforms.ActiveCfg = Release|Any CPU
		{C3B279E2-F2F4-4387-BD05-82B8D3976AC5}.Release|Mixed Platforms.Build.0 = Release|Any CPU
		{C3B279E2-F2F4-4387-BD05-82B8D3976AC5}.Release|x64.ActiveCfg = Release|Any CPU
		{C3B279E2-F2F4-4387-BD05-82B8D3976AC5}.Release|x64.Build.0 = Release|Any CPU
		{C3B279E2-F2F4-4387-BD05-82B8D3976AC5}.Release|x86.ActiveCfg = Release|Any CPU
		{C3B279E2-F2F4-4387-BD05-82B8D3976AC5}.Release|x86.Build.0 = Release|Any CPU
		{4248F89B-B3A3-463D-A509-7A4C8FD59DD4}.Debug|Any CPU.ActiveCfg = Debug|Any CPU
		{4248F89B-B3A3-463D-A509-7A4C8FD59DD4}.Debug|Any CPU.Build.0 = Debug|Any CPU
		{4248F89B-B3A3-463D-A509-7A4C8FD59DD4}.Debug|Mixed Platforms.ActiveCfg = Debug|Any CPU
		{4248F89B-B3A3-463D-A509-7A4C8FD59DD4}.Debug|Mixed Platforms.Build.0 = Debug|Any CPU
		{4248F89B-B3A3-463D-A509-7A4C8FD59DD4}.Debug|x64.ActiveCfg = Debug|Any CPU
		{4248F89B-B3A3-463D-A509-7A4C8FD59DD4}.Debug|x64.Build.0 = Debug|Any CPU
		{4248F89B-B3A3-463D-A509-7A4C8FD59DD4}.Debug|x86.ActiveCfg = Debug|Any CPU
		{4248F89B-B3A3-463D-A509-7A4C8FD59DD4}.Debug|x86.Build.0 = Debug|Any CPU
		{4248F89B-B3A3-463D-A509-7A4C8FD59DD4}.Release|Any CPU.ActiveCfg = Release|Any CPU
		{4248F89B-B3A3-463D-A509-7A4C8FD59DD4}.Release|Any CPU.Build.0 = Release|Any CPU
		{4248F89B-B3A3-463D-A509-7A4C8FD59DD4}.Release|Mixed Platforms.ActiveCfg = Release|Any CPU
		{4248F89B-B3A3-463D-A509-7A4C8FD59DD4}.Release|Mixed Platforms.Build.0 = Release|Any CPU
		{4248F89B-B3A3-463D-A509-7A4C8FD59DD4}.Release|x64.ActiveCfg = Release|Any CPU
		{4248F89B-B3A3-463D-A509-7A4C8FD59DD4}.Release|x64.Build.0 = Release|Any CPU
		{4248F89B-B3A3-463D-A509-7A4C8FD59DD4}.Release|x86.ActiveCfg = Release|Any CPU
		{4248F89B-B3A3-463D-A509-7A4C8FD59DD4}.Release|x86.Build.0 = Release|Any CPU
		{A87A7AAA-C175-4770-8963-B4CBDA27E85E}.Debug|Any CPU.ActiveCfg = Debug|Any CPU
		{A87A7AAA-C175-4770-8963-B4CBDA27E85E}.Debug|Any CPU.Build.0 = Debug|Any CPU
		{A87A7AAA-C175-4770-8963-B4CBDA27E85E}.Debug|Mixed Platforms.ActiveCfg = Debug|Any CPU
		{A87A7AAA-C175-4770-8963-B4CBDA27E85E}.Debug|Mixed Platforms.Build.0 = Debug|Any CPU
		{A87A7AAA-C175-4770-8963-B4CBDA27E85E}.Debug|x64.ActiveCfg = Debug|Any CPU
		{A87A7AAA-C175-4770-8963-B4CBDA27E85E}.Debug|x64.Build.0 = Debug|Any CPU
		{A87A7AAA-C175-4770-8963-B4CBDA27E85E}.Debug|x86.ActiveCfg = Debug|Any CPU
		{A87A7AAA-C175-4770-8963-B4CBDA27E85E}.Debug|x86.Build.0 = Debug|Any CPU
		{A87A7AAA-C175-4770-8963-B4CBDA27E85E}.Release|Any CPU.ActiveCfg = Release|Any CPU
		{A87A7AAA-C175-4770-8963-B4CBDA27E85E}.Release|Any CPU.Build.0 = Release|Any CPU
		{A87A7AAA-C175-4770-8963-B4CBDA27E85E}.Release|Mixed Platforms.ActiveCfg = Release|Any CPU
		{A87A7AAA-C175-4770-8963-B4CBDA27E85E}.Release|Mixed Platforms.Build.0 = Release|Any CPU
		{A87A7AAA-C175-4770-8963-B4CBDA27E85E}.Release|x64.ActiveCfg = Release|Any CPU
		{A87A7AAA-C175-4770-8963-B4CBDA27E85E}.Release|x64.Build.0 = Release|Any CPU
		{A87A7AAA-C175-4770-8963-B4CBDA27E85E}.Release|x86.ActiveCfg = Release|Any CPU
		{A87A7AAA-C175-4770-8963-B4CBDA27E85E}.Release|x86.Build.0 = Release|Any CPU
		{B8E8C039-E317-4A83-94BA-BC85DA03F880}.Debug|Any CPU.ActiveCfg = Debug|Any CPU
		{B8E8C039-E317-4A83-94BA-BC85DA03F880}.Debug|Any CPU.Build.0 = Debug|Any CPU
		{B8E8C039-E317-4A83-94BA-BC85DA03F880}.Debug|Mixed Platforms.ActiveCfg = Debug|Any CPU
		{B8E8C039-E317-4A83-94BA-BC85DA03F880}.Debug|Mixed Platforms.Build.0 = Debug|Any CPU
		{B8E8C039-E317-4A83-94BA-BC85DA03F880}.Debug|x64.ActiveCfg = Debug|Any CPU
		{B8E8C039-E317-4A83-94BA-BC85DA03F880}.Debug|x64.Build.0 = Debug|Any CPU
		{B8E8C039-E317-4A83-94BA-BC85DA03F880}.Debug|x86.ActiveCfg = Debug|Any CPU
		{B8E8C039-E317-4A83-94BA-BC85DA03F880}.Debug|x86.Build.0 = Debug|Any CPU
		{B8E8C039-E317-4A83-94BA-BC85DA03F880}.Release|Any CPU.ActiveCfg = Release|Any CPU
		{B8E8C039-E317-4A83-94BA-BC85DA03F880}.Release|Any CPU.Build.0 = Release|Any CPU
		{B8E8C039-E317-4A83-94BA-BC85DA03F880}.Release|Mixed Platforms.ActiveCfg = Release|Any CPU
		{B8E8C039-E317-4A83-94BA-BC85DA03F880}.Release|Mixed Platforms.Build.0 = Release|Any CPU
		{B8E8C039-E317-4A83-94BA-BC85DA03F880}.Release|x64.ActiveCfg = Release|Any CPU
		{B8E8C039-E317-4A83-94BA-BC85DA03F880}.Release|x64.Build.0 = Release|Any CPU
		{B8E8C039-E317-4A83-94BA-BC85DA03F880}.Release|x86.ActiveCfg = Release|Any CPU
		{B8E8C039-E317-4A83-94BA-BC85DA03F880}.Release|x86.Build.0 = Release|Any CPU
		{58BB51B8-78BD-4B6F-8B50-F801A0B18F84}.Debug|Any CPU.ActiveCfg = Debug|Any CPU
		{58BB51B8-78BD-4B6F-8B50-F801A0B18F84}.Debug|Any CPU.Build.0 = Debug|Any CPU
		{58BB51B8-78BD-4B6F-8B50-F801A0B18F84}.Debug|Mixed Platforms.ActiveCfg = Debug|Any CPU
		{58BB51B8-78BD-4B6F-8B50-F801A0B18F84}.Debug|Mixed Platforms.Build.0 = Debug|Any CPU
		{58BB51B8-78BD-4B6F-8B50-F801A0B18F84}.Debug|x64.ActiveCfg = Debug|Any CPU
		{58BB51B8-78BD-4B6F-8B50-F801A0B18F84}.Debug|x64.Build.0 = Debug|Any CPU
		{58BB51B8-78BD-4B6F-8B50-F801A0B18F84}.Debug|x86.ActiveCfg = Debug|Any CPU
		{58BB51B8-78BD-4B6F-8B50-F801A0B18F84}.Debug|x86.Build.0 = Debug|Any CPU
		{58BB51B8-78BD-4B6F-8B50-F801A0B18F84}.Release|Any CPU.ActiveCfg = Release|Any CPU
		{58BB51B8-78BD-4B6F-8B50-F801A0B18F84}.Release|Any CPU.Build.0 = Release|Any CPU
		{58BB51B8-78BD-4B6F-8B50-F801A0B18F84}.Release|Mixed Platforms.ActiveCfg = Release|Any CPU
		{58BB51B8-78BD-4B6F-8B50-F801A0B18F84}.Release|Mixed Platforms.Build.0 = Release|Any CPU
		{58BB51B8-78BD-4B6F-8B50-F801A0B18F84}.Release|x64.ActiveCfg = Release|Any CPU
		{58BB51B8-78BD-4B6F-8B50-F801A0B18F84}.Release|x64.Build.0 = Release|Any CPU
		{58BB51B8-78BD-4B6F-8B50-F801A0B18F84}.Release|x86.ActiveCfg = Release|Any CPU
		{58BB51B8-78BD-4B6F-8B50-F801A0B18F84}.Release|x86.Build.0 = Release|Any CPU
		{259F39E6-9C5B-45EA-BDCF-B34C397CB172}.Debug|Any CPU.ActiveCfg = Debug|Any CPU
		{259F39E6-9C5B-45EA-BDCF-B34C397CB172}.Debug|Any CPU.Build.0 = Debug|Any CPU
		{259F39E6-9C5B-45EA-BDCF-B34C397CB172}.Debug|Mixed Platforms.ActiveCfg = Debug|Any CPU
		{259F39E6-9C5B-45EA-BDCF-B34C397CB172}.Debug|Mixed Platforms.Build.0 = Debug|Any CPU
		{259F39E6-9C5B-45EA-BDCF-B34C397CB172}.Debug|x64.ActiveCfg = Debug|Any CPU
		{259F39E6-9C5B-45EA-BDCF-B34C397CB172}.Debug|x64.Build.0 = Debug|Any CPU
		{259F39E6-9C5B-45EA-BDCF-B34C397CB172}.Debug|x86.ActiveCfg = Debug|Any CPU
		{259F39E6-9C5B-45EA-BDCF-B34C397CB172}.Debug|x86.Build.0 = Debug|Any CPU
		{259F39E6-9C5B-45EA-BDCF-B34C397CB172}.Release|Any CPU.ActiveCfg = Release|Any CPU
		{259F39E6-9C5B-45EA-BDCF-B34C397CB172}.Release|Any CPU.Build.0 = Release|Any CPU
		{259F39E6-9C5B-45EA-BDCF-B34C397CB172}.Release|Mixed Platforms.ActiveCfg = Release|Any CPU
		{259F39E6-9C5B-45EA-BDCF-B34C397CB172}.Release|Mixed Platforms.Build.0 = Release|Any CPU
		{259F39E6-9C5B-45EA-BDCF-B34C397CB172}.Release|x64.ActiveCfg = Release|Any CPU
		{259F39E6-9C5B-45EA-BDCF-B34C397CB172}.Release|x64.Build.0 = Release|Any CPU
		{259F39E6-9C5B-45EA-BDCF-B34C397CB172}.Release|x86.ActiveCfg = Release|Any CPU
		{259F39E6-9C5B-45EA-BDCF-B34C397CB172}.Release|x86.Build.0 = Release|Any CPU
		{0D6FDFB9-17C6-46A2-83A6-C9E601583926}.Debug|Any CPU.ActiveCfg = Debug|Any CPU
		{0D6FDFB9-17C6-46A2-83A6-C9E601583926}.Debug|Any CPU.Build.0 = Debug|Any CPU
		{0D6FDFB9-17C6-46A2-83A6-C9E601583926}.Debug|Mixed Platforms.ActiveCfg = Debug|Any CPU
		{0D6FDFB9-17C6-46A2-83A6-C9E601583926}.Debug|Mixed Platforms.Build.0 = Debug|Any CPU
		{0D6FDFB9-17C6-46A2-83A6-C9E601583926}.Debug|x64.ActiveCfg = Debug|Any CPU
		{0D6FDFB9-17C6-46A2-83A6-C9E601583926}.Debug|x64.Build.0 = Debug|Any CPU
		{0D6FDFB9-17C6-46A2-83A6-C9E601583926}.Debug|x86.ActiveCfg = Debug|Any CPU
		{0D6FDFB9-17C6-46A2-83A6-C9E601583926}.Debug|x86.Build.0 = Debug|Any CPU
		{0D6FDFB9-17C6-46A2-83A6-C9E601583926}.Release|Any CPU.ActiveCfg = Release|Any CPU
		{0D6FDFB9-17C6-46A2-83A6-C9E601583926}.Release|Any CPU.Build.0 = Release|Any CPU
		{0D6FDFB9-17C6-46A2-83A6-C9E601583926}.Release|Mixed Platforms.ActiveCfg = Release|Any CPU
		{0D6FDFB9-17C6-46A2-83A6-C9E601583926}.Release|Mixed Platforms.Build.0 = Release|Any CPU
		{0D6FDFB9-17C6-46A2-83A6-C9E601583926}.Release|x64.ActiveCfg = Release|Any CPU
		{0D6FDFB9-17C6-46A2-83A6-C9E601583926}.Release|x64.Build.0 = Release|Any CPU
		{0D6FDFB9-17C6-46A2-83A6-C9E601583926}.Release|x86.ActiveCfg = Release|Any CPU
		{0D6FDFB9-17C6-46A2-83A6-C9E601583926}.Release|x86.Build.0 = Release|Any CPU
		{77DD80A1-0A71-48D8-ADD9-3123DD4900A3}.Debug|Any CPU.ActiveCfg = Debug|Any CPU
		{77DD80A1-0A71-48D8-ADD9-3123DD4900A3}.Debug|Any CPU.Build.0 = Debug|Any CPU
		{77DD80A1-0A71-48D8-ADD9-3123DD4900A3}.Debug|Mixed Platforms.ActiveCfg = Debug|Any CPU
		{77DD80A1-0A71-48D8-ADD9-3123DD4900A3}.Debug|Mixed Platforms.Build.0 = Debug|Any CPU
		{77DD80A1-0A71-48D8-ADD9-3123DD4900A3}.Debug|x64.ActiveCfg = Debug|Any CPU
		{77DD80A1-0A71-48D8-ADD9-3123DD4900A3}.Debug|x64.Build.0 = Debug|Any CPU
		{77DD80A1-0A71-48D8-ADD9-3123DD4900A3}.Debug|x86.ActiveCfg = Debug|Any CPU
		{77DD80A1-0A71-48D8-ADD9-3123DD4900A3}.Debug|x86.Build.0 = Debug|Any CPU
		{77DD80A1-0A71-48D8-ADD9-3123DD4900A3}.Release|Any CPU.ActiveCfg = Release|Any CPU
		{77DD80A1-0A71-48D8-ADD9-3123DD4900A3}.Release|Any CPU.Build.0 = Release|Any CPU
		{77DD80A1-0A71-48D8-ADD9-3123DD4900A3}.Release|Mixed Platforms.ActiveCfg = Release|Any CPU
		{77DD80A1-0A71-48D8-ADD9-3123DD4900A3}.Release|Mixed Platforms.Build.0 = Release|Any CPU
		{77DD80A1-0A71-48D8-ADD9-3123DD4900A3}.Release|x64.ActiveCfg = Release|Any CPU
		{77DD80A1-0A71-48D8-ADD9-3123DD4900A3}.Release|x64.Build.0 = Release|Any CPU
		{77DD80A1-0A71-48D8-ADD9-3123DD4900A3}.Release|x86.ActiveCfg = Release|Any CPU
		{77DD80A1-0A71-48D8-ADD9-3123DD4900A3}.Release|x86.Build.0 = Release|Any CPU
	EndGlobalSection
	GlobalSection(SolutionProperties) = preSolution
		HideSolutionNode = FALSE
	EndGlobalSection
	GlobalSection(NestedProjects) = preSolution
		{B501F643-EBC5-4096-86F6-43A2173066CA} = {4FAE9527-DD67-43C4-9081-F6792BF42C76}
		{F9D9ED3D-4CBD-49E2-B162-7C15E051F636} = {4FAE9527-DD67-43C4-9081-F6792BF42C76}
		{D2C9A599-79DD-4CFA-8614-BE3C444EB347} = {4FAE9527-DD67-43C4-9081-F6792BF42C76}
		{6A80136F-C0EB-4798-8BCF-569E249DD76A} = {4FAE9527-DD67-43C4-9081-F6792BF42C76}
		{1E7C1B27-638A-410E-8B8E-C24C6BCE2A70} = {4FAE9527-DD67-43C4-9081-F6792BF42C76}
		{209724B9-9F9C-43DD-A089-D3BFB6AD9F2B} = {4FAE9527-DD67-43C4-9081-F6792BF42C76}
		{AC4FDBF7-8AAB-4FD5-92D7-EF49DBAF3604} = {059387A2-66DA-413A-93E3-3BF08E89D1EC}
		{34B4D518-34EA-4F51-A456-903E560A33B1} = {059387A2-66DA-413A-93E3-3BF08E89D1EC}
		{9861A7B2-6651-43B3-A5F1-AD852A26589E} = {059387A2-66DA-413A-93E3-3BF08E89D1EC}
		{D4F50BB3-AADD-44C6-85E0-EB498AC74056} = {059387A2-66DA-413A-93E3-3BF08E89D1EC}
		{F5FBDFC4-1335-4124-B641-C78887770D75} = {059387A2-66DA-413A-93E3-3BF08E89D1EC}
		{0C14C4A7-D574-4F9B-A2D9-989B71CC7DE4} = {2057E8C5-1985-4D25-B735-03EA549AFE48}
		{1BAE3977-D99F-4E2D-9A52-6E4E11A93E40} = {2057E8C5-1985-4D25-B735-03EA549AFE48}
		{CD6D3FE6-ADD3-42B9-B315-EA60C23243ED} = {4FAE9527-DD67-43C4-9081-F6792BF42C76}
		{DE6FF239-FA77-4998-9201-15656DDECD9D} = {2057E8C5-1985-4D25-B735-03EA549AFE48}
		{C3B279E2-F2F4-4387-BD05-82B8D3976AC5} = {A7C3D6D5-ECB6-49AD-981D-A98F3C2DC606}
		{4248F89B-B3A3-463D-A509-7A4C8FD59DD4} = {D787833B-1C85-43C1-BEFC-74C9DF4C5B89}
		{A87A7AAA-C175-4770-8963-B4CBDA27E85E} = {4FAE9527-DD67-43C4-9081-F6792BF42C76}
		{B8E8C039-E317-4A83-94BA-BC85DA03F880} = {A5A24D08-7A3E-44E3-9563-6E9529590F06}
		{58BB51B8-78BD-4B6F-8B50-F801A0B18F84} = {D787833B-1C85-43C1-BEFC-74C9DF4C5B89}
		{259F39E6-9C5B-45EA-BDCF-B34C397CB172} = {38B40B9B-F77A-4F77-AF3C-AF44EEC41E6E}
		{0D6FDFB9-17C6-46A2-83A6-C9E601583926} = {D787833B-1C85-43C1-BEFC-74C9DF4C5B89}
		{77DD80A1-0A71-48D8-ADD9-3123DD4900A3} = {90A97E64-460A-447C-8610-0C8973CC8AEC}
	EndGlobalSection
	GlobalSection(ExtensibilityGlobals) = postSolution
		SolutionGuid = {7DDB320A-00F3-404A-A58C-7BBF5A085BE0}
	EndGlobalSection
	GlobalSection(TestCaseManagementSettings) = postSolution
		CategoryFile = isr.IO.Visa.vsmdi
	EndGlobalSection
EndGlobal
